
Microsoft Visual Studio Solution File, Format Version 12.00
# Visual Studio Version 16
VisualStudioVersion = 16.0.31911.196
MinimumVisualStudioVersion = 10.0.40219.1
Project("{888888A0-9F3D-457C-B088-3A5042F75D52}") = "NiziU_Web", "NiziU_Web.pyproj", "{CA63A691-DAEC-42C5-A502-816BAB8DBA82}"
EndProject
Global
	GlobalSection(SolutionConfigurationPlatforms) = preSolution
		Debug|Any CPU = Debug|Any CPU
		Release|Any CPU = Release|Any CPU
	EndGlobalSection
	GlobalSection(ProjectConfigurationPlatforms) = postSolution
		{CA63A691-DAEC-42C5-A502-816BAB8DBA82}.Debug|Any CPU.ActiveCfg = Debug|Any CPU
		{CA63A691-DAEC-42C5-A502-816BAB8DBA82}.Release|Any CPU.ActiveCfg = Release|Any CPU
	EndGlobalSection
	GlobalSection(SolutionProperties) = preSolution
		HideSolutionNode = FALSE
	EndGlobalSection
	GlobalSection(ExtensibilityGlobals) = postSolution
		SolutionGuid = {ED287555-E87F-43D7-9F73-2587BC891A09}
	EndGlobalSection
EndGlobal
